
Microsoft Visual Studio Solution File, Format Version 12.00
# Visual Studio Version 16
VisualStudioVersion = 16.0.32002.261
MinimumVisualStudioVersion = 10.0.40219.1
Project("{FAE04EC0-301F-11D3-BF4B-00C04F79EFBC}") = "BookStore", "BookStore\BookStore.csproj", "{007CB3F3-C3EA-40A4-B7F9-08B48A5C3510}"
EndProject
Project("{FAE04EC0-301F-11D3-BF4B-00C04F79EFBC}") = "BookStoreManager", "BookStoreManager\BookStoreManager.csproj", "{91C9D246-1416-4A19-87EA-8B691873B1E8}"
EndProject
Project("{FAE04EC0-301F-11D3-BF4B-00C04F79EFBC}") = "BookStoreRepository", "BookStoreRepository\BookStoreRepository.csproj", "{7BDC242E-CC0F-4164-9910-8A8F7DDCD1FC}"
EndProject
Project("{FAE04EC0-301F-11D3-BF4B-00C04F79EFBC}") = "BookStoreModel", "BookStoreModel\BookStoreModel.csproj", "{8CDCD76D-21FC-4523-B1C8-502C11C78FEC}"
EndProject
Global
	GlobalSection(SolutionConfigurationPlatforms) = preSolution
		Debug|Any CPU = Debug|Any CPU
		Release|Any CPU = Release|Any CPU
	EndGlobalSection
	GlobalSection(ProjectConfigurationPlatforms) = postSolution
		{007CB3F3-C3EA-40A4-B7F9-08B48A5C3510}.Debug|Any CPU.ActiveCfg = Debug|Any CPU
		{007CB3F3-C3EA-40A4-B7F9-08B48A5C3510}.Debug|Any CPU.Build.0 = Debug|Any CPU
		{007CB3F3-C3EA-40A4-B7F9-08B48A5C3510}.Release|Any CPU.ActiveCfg = Release|Any CPU
		{007CB3F3-C3EA-40A4-B7F9-08B48A5C3510}.Release|Any CPU.Build.0 = Release|Any CPU
		{91C9D246-1416-4A19-87EA-8B691873B1E8}.Debug|Any CPU.ActiveCfg = Debug|Any CPU
		{91C9D246-1416-4A19-87EA-8B691873B1E8}.Debug|Any CPU.Build.0 = Debug|Any CPU
		{91C9D246-1416-4A19-87EA-8B691873B1E8}.Release|Any CPU.ActiveCfg = Release|Any CPU
		{91C9D246-1416-4A19-87EA-8B691873B1E8}.Release|Any CPU.Build.0 = Release|Any CPU
		{7BDC242E-CC0F-4164-9910-8A8F7DDCD1FC}.Debug|Any CPU.ActiveCfg = Debug|Any CPU
		{7BDC242E-CC0F-4164-9910-8A8F7DDCD1FC}.Debug|Any CPU.Build.0 = Debug|Any CPU
		{7BDC242E-CC0F-4164-9910-8A8F7DDCD1FC}.Release|Any CPU.ActiveCfg = Release|Any CPU
		{7BDC242E-CC0F-4164-9910-8A8F7DDCD1FC}.Release|Any CPU.Build.0 = Release|Any CPU
		{8CDCD76D-21FC-4523-B1C8-502C11C78FEC}.Debug|Any CPU.ActiveCfg = Debug|Any CPU
		{8CDCD76D-21FC-4523-B1C8-502C11C78FEC}.Debug|Any CPU.Build.0 = Debug|Any CPU
		{8CDCD76D-21FC-4523-B1C8-502C11C78FEC}.Release|Any CPU.ActiveCfg = Release|Any CPU
		{8CDCD76D-21FC-4523-B1C8-502C11C78FEC}.Release|Any CPU.Build.0 = Release|Any CPU
	EndGlobalSection
	GlobalSection(SolutionProperties) = preSolution
		HideSolutionNode = FALSE
	EndGlobalSection
	GlobalSection(ExtensibilityGlobals) = postSolution
		SolutionGuid = {960D825F-4D41-4425-8502-308BD5D7ED10}
	EndGlobalSection
EndGlobal
